
Microsoft Visual Studio Solution File, Format Version 12.00
# Visual Studio Version 16
VisualStudioVersion = 16.0.30204.135
MinimumVisualStudioVersion = 10.0.40219.1
Project("{FAE04EC0-301F-11D3-BF4B-00C04F79EFBC}") = "C-OOP-Practice-Shape", "C-OOP-Practice-Shape.csproj", "{ACBD6794-E2A5-45A2-8A44-CF3033DD4E91}"
EndProject
Global
	GlobalSection(SolutionConfigurationPlatforms) = preSolution
		Debug|Any CPU = Debug|Any CPU
		Release|Any CPU = Release|Any CPU
	EndGlobalSection
	GlobalSection(ProjectConfigurationPlatforms) = postSolution
		{ACBD6794-E2A5-45A2-8A44-CF3033DD4E91}.Debug|Any CPU.ActiveCfg = Debug|Any CPU
		{ACBD6794-E2A5-45A2-8A44-CF3033DD4E91}.Debug|Any CPU.Build.0 = Debug|Any CPU
		{ACBD6794-E2A5-45A2-8A44-CF3033DD4E91}.Release|Any CPU.ActiveCfg = Release|Any CPU
		{ACBD6794-E2A5-45A2-8A44-CF3033DD4E91}.Release|Any CPU.Build.0 = Release|Any CPU
	EndGlobalSection
	GlobalSection(SolutionProperties) = preSolution
		HideSolutionNode = FALSE
	EndGlobalSection
	GlobalSection(ExtensibilityGlobals) = postSolution
		SolutionGuid = {CF977CB6-4A98-4A61-B096-964C1BED669E}
	EndGlobalSection
EndGlobal
